[{<<"goldrush">>,
  {git,"https://github.com/basho/goldrush.git",
       {ref,"8f1b715d36b650ec1e1f5612c00e28af6ab0de82"}},
  1},
 {<<"lager">>,
  {git,"git://github.com/basho/lager.git",
       {ref,"81eaef0ce98fdbf64ab95665e3bc2ec4b24c7dac"}},
  0},
 {<<"parse_trans">>,
  {git,"git://github.com/uwiger/parse_trans.git",
       {ref,"76abb347c3c1d00fb0ccf9e4b43e22b3d2288484"}},
  0},
 {<<"setup">>,
  {git,"git://github.com/uwiger/setup.git",
       {ref,"9b9d2158c6e2dd65128cbe99067a6c9a01cbad7f"}},
  0}].
